# This file is autogenerated, do not edit; changes may be undone by the next 'dep ensure'.


[[projects]]
  digest = "1:e01ab993afe6ca65913cb579723b53cdf0779402129101c8bc8d49740cd7f79e"
  name = "github.com/bndr/gojenkins"
  packages = ["."]
  pruneopts = "UT"
  revision = "668c6a1cb16b659ece2e90506e643ea16abc712c"
  version = "v1.0"

[solve-meta]
  analyzer-name = "dep"
  analyzer-version = 1
  input-imports = ["github.com/bndr/gojenkins"]
  solver-name = "gps-cdcl"
  solver-version = 1
